
Microsoft Visual Studio Solution File, Format Version 12.00
# Visual Studio Version 17
VisualStudioVersion = 17.5.33502.453
MinimumVisualStudioVersion = 10.0.40219.1
Project("{9A19103F-16F7-4668-BE54-9A1E7A4F7556}") = "WpfStudy.MSTests", "WpfStudy.MSTests\WpfStudy.MSTests.csproj", "{B38DDDCB-3025-4703-8692-C244F3C571C0}"
EndProject
Project("{FAE04EC0-301F-11D3-BF4B-00C04F79EFBC}") = "WpfStudy", "WpfStudy\WpfStudy.csproj", "{C63D3C9A-9390-43A4-BA99-4AADECC6F4B9}"
EndProject
Project("{FAE04EC0-301F-11D3-BF4B-00C04F79EFBC}") = "WpfStudy.WPF", "WpfStudy.WPF\WpfStudy.WPF.csproj", "{D3F08BFB-F83E-4686-A154-8D1F2E6F6669}"
EndProject
Global
	GlobalSection(SolutionConfigurationPlatforms) = preSolution
		Debug|Any CPU = Debug|Any CPU
		Release|Any CPU = Release|Any CPU
	EndGlobalSection
	GlobalSection(ProjectConfigurationPlatforms) = postSolution
		{B38DDDCB-3025-4703-8692-C244F3C571C0}.Debug|Any CPU.ActiveCfg = Debug|Any CPU
		{B38DDDCB-3025-4703-8692-C244F3C571C0}.Debug|Any CPU.Build.0 = Debug|Any CPU
		{B38DDDCB-3025-4703-8692-C244F3C571C0}.Release|Any CPU.ActiveCfg = Release|Any CPU
		{B38DDDCB-3025-4703-8692-C244F3C571C0}.Release|Any CPU.Build.0 = Release|Any CPU
		{C63D3C9A-9390-43A4-BA99-4AADECC6F4B9}.Debug|Any CPU.ActiveCfg = Debug|Any CPU
		{C63D3C9A-9390-43A4-BA99-4AADECC6F4B9}.Debug|Any CPU.Build.0 = Debug|Any CPU
		{C63D3C9A-9390-43A4-BA99-4AADECC6F4B9}.Release|Any CPU.ActiveCfg = Release|Any CPU
		{C63D3C9A-9390-43A4-BA99-4AADECC6F4B9}.Release|Any CPU.Build.0 = Release|Any CPU
		{D3F08BFB-F83E-4686-A154-8D1F2E6F6669}.Debug|Any CPU.ActiveCfg = Debug|Any CPU
		{D3F08BFB-F83E-4686-A154-8D1F2E6F6669}.Debug|Any CPU.Build.0 = Debug|Any CPU
		{D3F08BFB-F83E-4686-A154-8D1F2E6F6669}.Release|Any CPU.ActiveCfg = Release|Any CPU
		{D3F08BFB-F83E-4686-A154-8D1F2E6F6669}.Release|Any CPU.Build.0 = Release|Any CPU
	EndGlobalSection
	GlobalSection(SolutionProperties) = preSolution
		HideSolutionNode = FALSE
	EndGlobalSection
	GlobalSection(ExtensibilityGlobals) = postSolution
		SolutionGuid = {E281D320-5EE2-4512-B167-69BAAD2EC593}
	EndGlobalSection
EndGlobal
